// !$*UTF8*$!
{
	archiveVersion = 1;
	classes = {
	};
	objectVersion = 50;
	objects = {

/* Begin PBXBuildFile section */
		6F6E369420860E2200657F41 /* testVC.swift in Sources */ = {isa = PBXBuildFile; fileRef = 6F6E369320860E2200657F41 /* testVC.swift */; };
		6F6E369620864E3400657F41 /* ReservationDatePickViewController.swift in Sources */ = {isa = PBXBuildFile; fileRef = 6F6E369520864E3400657F41 /* ReservationDatePickViewController.swift */; };
		6F775EC72083DD85006437FC /* ProductDetailTableViewController.swift in Sources */ = {isa = PBXBuildFile; fileRef = 6F775EC62083DD85006437FC /* ProductDetailTableViewController.swift */; };
		6F775EC920846252006437FC /* TravelDetailInfoCell.swift in Sources */ = {isa = PBXBuildFile; fileRef = 6F775EC820846252006437FC /* TravelDetailInfoCell.swift */; };
		6F775ECB2084627B006437FC /* TravelDescriptionCell.swift in Sources */ = {isa = PBXBuildFile; fileRef = 6F775ECA2084627A006437FC /* TravelDescriptionCell.swift */; };
		6F775ED22085D9DA006437FC /* ReservationViewController.swift in Sources */ = {isa = PBXBuildFile; fileRef = 6F775ED12085D9DA006437FC /* ReservationViewController.swift */; };
		6F970DCB207F9CDD00827A10 /* ProductListViewController.swift in Sources */ = {isa = PBXBuildFile; fileRef = 6F970DCA207F9CDD00827A10 /* ProductListViewController.swift */; };
		6F970DD0207FAB2600827A10 /* ProductListTableViewCell.swift in Sources */ = {isa = PBXBuildFile; fileRef = 6F970DCE207FAB2600827A10 /* ProductListTableViewCell.swift */; };
		6F970DD1207FAB2700827A10 /* travelCell.xib in Resources */ = {isa = PBXBuildFile; fileRef = 6F970DCF207FAB2600827A10 /* travelCell.xib */; };
		6FBE2FAA207C7D7C00BEAD8F /* AppDelegate.swift in Sources */ = {isa = PBXBuildFile; fileRef = 6FBE2FA9207C7D7C00BEAD8F /* AppDelegate.swift */; };
		6FBE2FAC207C7D7C00BEAD8F /* ViewController.swift in Sources */ = {isa = PBXBuildFile; fileRef = 6FBE2FAB207C7D7C00BEAD8F /* ViewController.swift */; };
		6FBE2FAF207C7D7C00BEAD8F /* Main.storyboard in Resources */ = {isa = PBXBuildFile; fileRef = 6FBE2FAD207C7D7C00BEAD8F /* Main.storyboard */; };
		6FBE2FB1207C7D7D00BEAD8F /* Assets.xcassets in Resources */ = {isa = PBXBuildFile; fileRef = 6FBE2FB0207C7D7D00BEAD8F /* Assets.xcassets */; };
		6FBE2FB4207C7D7D00BEAD8F /* LaunchScreen.storyboard in Resources */ = {isa = PBXBuildFile; fileRef = 6FBE2FB2207C7D7D00BEAD8F /* LaunchScreen.storyboard */; };
		6FBE2FBC207C7DBB00BEAD8F /* SignUp.storyboard in Resources */ = {isa = PBXBuildFile; fileRef = 6FBE2FBB207C7DBB00BEAD8F /* SignUp.storyboard */; };
		6FBE2FBE207C7DC200BEAD8F /* Login.storyboard in Resources */ = {isa = PBXBuildFile; fileRef = 6FBE2FBD207C7DC200BEAD8F /* Login.storyboard */; };
		6FBE2FC0207C7DD800BEAD8F /* Root.storyboard in Resources */ = {isa = PBXBuildFile; fileRef = 6FBE2FBF207C7DD800BEAD8F /* Root.storyboard */; };
		6FBE2FC4207C8D7E00BEAD8F /* Extension.swift in Sources */ = {isa = PBXBuildFile; fileRef = 6FBE2FC3207C8D7E00BEAD8F /* Extension.swift */; };
		6FBE2FCA207C8EC100BEAD8F /* RootViewController.swift in Sources */ = {isa = PBXBuildFile; fileRef = 6FBE2FC9207C8EC100BEAD8F /* RootViewController.swift */; };
		6FBE2FCC207C9C4200BEAD8F /* MainTabBarController.swift in Sources */ = {isa = PBXBuildFile; fileRef = 6FBE2FCB207C9C4200BEAD8F /* MainTabBarController.swift */; };
		6FBE2FCE207C9C4500BEAD8F /* CustomTabbarButton.swift in Sources */ = {isa = PBXBuildFile; fileRef = 6FBE2FCD207C9C4500BEAD8F /* CustomTabbarButton.swift */; };
		6FBE2FD0207C9C4D00BEAD8F /* MainNavigationController.swift in Sources */ = {isa = PBXBuildFile; fileRef = 6FBE2FCF207C9C4D00BEAD8F /* MainNavigationController.swift */; };
		6FBE2FD2207C9C5000BEAD8F /* MainViewController.swift in Sources */ = {isa = PBXBuildFile; fileRef = 6FBE2FD1207C9C4F00BEAD8F /* MainViewController.swift */; };
		6FBE300A207E525700BEAD8F /* TravleDataModel.swift in Sources */ = {isa = PBXBuildFile; fileRef = 6FBE3009207E525700BEAD8F /* TravleDataModel.swift */; };
		6FBE300C207E564300BEAD8F /* PopularCityTableViewCell.swift in Sources */ = {isa = PBXBuildFile; fileRef = 6FBE300B207E564300BEAD8F /* PopularCityTableViewCell.swift */; };
		7A2E9A2E2084312300F41031 /* CalendarViewController.swift in Sources */ = {isa = PBXBuildFile; fileRef = 7A2E9A2D2084312300F41031 /* CalendarViewController.swift */; };
		7A819F43207EED7000CC92E0 /* SignUpUserInfo.swift in Sources */ = {isa = PBXBuildFile; fileRef = 7A819F42207EED7000CC92E0 /* SignUpUserInfo.swift */; };
		7A9DD106207DD2B9008166A0 /* SignUpViewController.swift in Sources */ = {isa = PBXBuildFile; fileRef = 7A9DD105207DD2B9008166A0 /* SignUpViewController.swift */; };
		CAC3F43C2084356400AF3DCD /* ContactChangeViewController.swift in Sources */ = {isa = PBXBuildFile; fileRef = CAC3F43B2084356400AF3DCD /* ContactChangeViewController.swift */; };
		CACA906A208085DA00E3D1DD /* UserData.swift in Sources */ = {isa = PBXBuildFile; fileRef = CACA9069208085DA00E3D1DD /* UserData.swift */; };
		CADA81AD2083BDB70072417F /* LogInResponse.swift in Sources */ = {isa = PBXBuildFile; fileRef = CADA81AC2083BDB70072417F /* LogInResponse.swift */; };
		CAEA9F66207CB8ED00032251 /* LogInViewController.swift in Sources */ = {isa = PBXBuildFile; fileRef = CAEA9F65207CB8ED00032251 /* LogInViewController.swift */; };
		CAEA9F68207CB90400032251 /* ProfileViewController.swift in Sources */ = {isa = PBXBuildFile; fileRef = CAEA9F67207CB90400032251 /* ProfileViewController.swift */; };
		FE6B4913D11E00C78E6DF30F /* Pods_iOSTeamProject_MySmallTrip.framework in Frameworks */ = {isa = PBXBuildFile; fileRef = D362EB2D181F81563CAEDAF5 /* Pods_iOSTeamProject_MySmallTrip.framework */; };
/* End PBXBuildFile section */

/* Begin PBXFileReference section */
		6F6E369320860E2200657F41 /* testVC.swift */ = {isa = PBXFileReference; lastKnownFileType = sourcecode.swift; path = testVC.swift; sourceTree = "<group>"; };
		6F6E369520864E3400657F41 /* ReservationDatePickViewController.swift */ = {isa = PBXFileReference; lastKnownFileType = sourcecode.swift; path = ReservationDatePickViewController.swift; sourceTree = "<group>"; };
		6F775EC62083DD85006437FC /* ProductDetailTableViewController.swift */ = {isa = PBXFileReference; lastKnownFileType = sourcecode.swift; path = ProductDetailTableViewController.swift; sourceTree = "<group>"; };
		6F775EC820846252006437FC /* TravelDetailInfoCell.swift */ = {isa = PBXFileReference; lastKnownFileType = sourcecode.swift; path = TravelDetailInfoCell.swift; sourceTree = "<group>"; };
		6F775ECA2084627A006437FC /* TravelDescriptionCell.swift */ = {isa = PBXFileReference; lastKnownFileType = sourcecode.swift; path = TravelDescriptionCell.swift; sourceTree = "<group>"; };
		6F775ED12085D9DA006437FC /* ReservationViewController.swift */ = {isa = PBXFileReference; lastKnownFileType = sourcecode.swift; path = ReservationViewController.swift; sourceTree = "<group>"; };
		6F970DCA207F9CDD00827A10 /* ProductListViewController.swift */ = {isa = PBXFileReference; lastKnownFileType = sourcecode.swift; path = ProductListViewController.swift; sourceTree = "<group>"; };
		6F970DCE207FAB2600827A10 /* ProductListTableViewCell.swift */ = {isa = PBXFileReference; lastKnownFileType = sourcecode.swift; path = ProductListTableViewCell.swift; sourceTree = "<group>"; };
		6F970DCF207FAB2600827A10 /* travelCell.xib */ = {isa = PBXFileReference; lastKnownFileType = file.xib; path = travelCell.xib; sourceTree = "<group>"; };
		6FBE2FA6207C7D7C00BEAD8F /* iOSTeamProject-MySmallTrip.app */ = {isa = PBXFileReference; explicitFileType = wrapper.application; includeInIndex = 0; path = "iOSTeamProject-MySmallTrip.app"; sourceTree = BUILT_PRODUCTS_DIR; };
		6FBE2FA9207C7D7C00BEAD8F /* AppDelegate.swift */ = {isa = PBXFileReference; lastKnownFileType = sourcecode.swift; path = AppDelegate.swift; sourceTree = "<group>"; };
		6FBE2FAB207C7D7C00BEAD8F /* ViewController.swift */ = {isa = PBXFileReference; lastKnownFileType = sourcecode.swift; path = ViewController.swift; sourceTree = "<group>"; };
		6FBE2FAE207C7D7C00BEAD8F /* Base */ = {isa = PBXFileReference; lastKnownFileType = file.storyboard; name = Base; path = Base.lproj/Main.storyboard; sourceTree = "<group>"; };
		6FBE2FB0207C7D7D00BEAD8F /* Assets.xcassets */ = {isa = PBXFileReference; lastKnownFileType = folder.assetcatalog; path = Assets.xcassets; sourceTree = "<group>"; };
		6FBE2FB3207C7D7D00BEAD8F /* Base */ = {isa = PBXFileReference; lastKnownFileType = file.storyboard; name = Base; path = Base.lproj/LaunchScreen.storyboard; sourceTree = "<group>"; };
		6FBE2FB5207C7D7D00BEAD8F /* Info.plist */ = {isa = PBXFileReference; lastKnownFileType = text.plist.xml; path = Info.plist; sourceTree = "<group>"; };
		6FBE2FBB207C7DBB00BEAD8F /* SignUp.storyboard */ = {isa = PBXFileReference; lastKnownFileType = file.storyboard; path = SignUp.storyboard; sourceTree = "<group>"; };
		6FBE2FBD207C7DC200BEAD8F /* Login.storyboard */ = {isa = PBXFileReference; lastKnownFileType = file.storyboard; path = Login.storyboard; sourceTree = "<group>"; };
		6FBE2FBF207C7DD800BEAD8F /* Root.storyboard */ = {isa = PBXFileReference; lastKnownFileType = file.storyboard; path = Root.storyboard; sourceTree = "<group>"; };
		6FBE2FC3207C8D7E00BEAD8F /* Extension.swift */ = {isa = PBXFileReference; fileEncoding = 4; lastKnownFileType = sourcecode.swift; path = Extension.swift; sourceTree = "<group>"; };
		6FBE2FC9207C8EC100BEAD8F /* RootViewController.swift */ = {isa = PBXFileReference; lastKnownFileType = sourcecode.swift; path = RootViewController.swift; sourceTree = "<group>"; };
		6FBE2FCB207C9C4200BEAD8F /* MainTabBarController.swift */ = {isa = PBXFileReference; lastKnownFileType = sourcecode.swift; path = MainTabBarController.swift; sourceTree = "<group>"; };
		6FBE2FCD207C9C4500BEAD8F /* CustomTabbarButton.swift */ = {isa = PBXFileReference; lastKnownFileType = sourcecode.swift; path = CustomTabbarButton.swift; sourceTree = "<group>"; };
		6FBE2FCF207C9C4D00BEAD8F /* MainNavigationController.swift */ = {isa = PBXFileReference; lastKnownFileType = sourcecode.swift; path = MainNavigationController.swift; sourceTree = "<group>"; };
		6FBE2FD1207C9C4F00BEAD8F /* MainViewController.swift */ = {isa = PBXFileReference; lastKnownFileType = sourcecode.swift; path = MainViewController.swift; sourceTree = "<group>"; };
		6FBE3009207E525700BEAD8F /* TravleDataModel.swift */ = {isa = PBXFileReference; lastKnownFileType = sourcecode.swift; path = TravleDataModel.swift; sourceTree = "<group>"; };
		6FBE300B207E564300BEAD8F /* PopularCityTableViewCell.swift */ = {isa = PBXFileReference; lastKnownFileType = sourcecode.swift; path = PopularCityTableViewCell.swift; sourceTree = "<group>"; };
		7A2E9A2D2084312300F41031 /* CalendarViewController.swift */ = {isa = PBXFileReference; lastKnownFileType = sourcecode.swift; path = CalendarViewController.swift; sourceTree = "<group>"; };
		7A819F42207EED7000CC92E0 /* SignUpUserInfo.swift */ = {isa = PBXFileReference; lastKnownFileType = sourcecode.swift; path = SignUpUserInfo.swift; sourceTree = "<group>"; };
		7A9DD105207DD2B9008166A0 /* SignUpViewController.swift */ = {isa = PBXFileReference; lastKnownFileType = sourcecode.swift; path = SignUpViewController.swift; sourceTree = "<group>"; };
		C875B768B2CD4E47456F0E3C /* Pods-iOSTeamProject-MySmallTrip.debug.xcconfig */ = {isa = PBXFileReference; includeInIndex = 1; lastKnownFileType = text.xcconfig; name = "Pods-iOSTeamProject-MySmallTrip.debug.xcconfig"; path = "Pods/Target Support Files/Pods-iOSTeamProject-MySmallTrip/Pods-iOSTeamProject-MySmallTrip.debug.xcconfig"; sourceTree = "<group>"; };
		CAC3F43B2084356400AF3DCD /* ContactChangeViewController.swift */ = {isa = PBXFileReference; lastKnownFileType = sourcecode.swift; path = ContactChangeViewController.swift; sourceTree = "<group>"; };
		CACA9069208085DA00E3D1DD /* UserData.swift */ = {isa = PBXFileReference; lastKnownFileType = sourcecode.swift; path = UserData.swift; sourceTree = "<group>"; };
		CADA81AC2083BDB70072417F /* LogInResponse.swift */ = {isa = PBXFileReference; lastKnownFileType = sourcecode.swift; path = LogInResponse.swift; sourceTree = "<group>"; };
		CAEA9F65207CB8ED00032251 /* LogInViewController.swift */ = {isa = PBXFileReference; lastKnownFileType = sourcecode.swift; path = LogInViewController.swift; sourceTree = "<group>"; };
		CAEA9F67207CB90400032251 /* ProfileViewController.swift */ = {isa = PBXFileReference; lastKnownFileType = sourcecode.swift; path = ProfileViewController.swift; sourceTree = "<group>"; };
		D362EB2D181F81563CAEDAF5 /* Pods_iOSTeamProject_MySmallTrip.framework */ = {isa = PBXFileReference; explicitFileType = wrapper.framework; includeInIndex = 0; path = Pods_iOSTeamProject_MySmallTrip.framework; sourceTree = BUILT_PRODUCTS_DIR; };
		FB15E6F548A37DBC1A163DAB /* Pods-iOSTeamProject-MySmallTrip.release.xcconfig */ = {isa = PBXFileReference; includeInIndex = 1; lastKnownFileType = text.xcconfig; name = "Pods-iOSTeamProject-MySmallTrip.release.xcconfig"; path = "Pods/Target Support Files/Pods-iOSTeamProject-MySmallTrip/Pods-iOSTeamProject-MySmallTrip.release.xcconfig"; sourceTree = "<group>"; };
/* End PBXFileReference section */

/* Begin PBXFrameworksBuildPhase section */
		6FBE2FA3207C7D7C00BEAD8F /* Frameworks */ = {
			isa = PBXFrameworksBuildPhase;
			buildActionMask = 2147483647;
			files = (
				FE6B4913D11E00C78E6DF30F /* Pods_iOSTeamProject_MySmallTrip.framework in Frameworks */,
			);
			runOnlyForDeploymentPostprocessing = 0;
		};
/* End PBXFrameworksBuildPhase section */

/* Begin PBXGroup section */
		6F775ECC2085AC13006437FC /* popular city */ = {
			isa = PBXGroup;
			children = (
				6FBE2FD1207C9C4F00BEAD8F /* MainViewController.swift */,
				6FBE300B207E564300BEAD8F /* PopularCityTableViewCell.swift */,
			);
			path = "popular city";
			sourceTree = "<group>";
		};
		6F775ECD2085AC25006437FC /* travel list */ = {
			isa = PBXGroup;
			children = (
				6F970DCA207F9CDD00827A10 /* ProductListViewController.swift */,
				6F970DCE207FAB2600827A10 /* ProductListTableViewCell.swift */,
				6F970DCF207FAB2600827A10 /* travelCell.xib */,
			);
			path = "travel list";
			sourceTree = "<group>";
		};
		6F775ECE2085AC34006437FC /* travel detail cell */ = {
			isa = PBXGroup;
			children = (
				6F775EC820846252006437FC /* TravelDetailInfoCell.swift */,
				6F775ECA2084627A006437FC /* TravelDescriptionCell.swift */,
			);
			path = "travel detail cell";
			sourceTree = "<group>";
		};
		6FBE2F9D207C7D7C00BEAD8F = {
			isa = PBXGroup;
			children = (
				6FBE2FA8207C7D7C00BEAD8F /* iOSTeamProject-MySmallTrip */,
				6FBE2FA7207C7D7C00BEAD8F /* Products */,
				9096C821918095916E6923B0 /* Pods */,
				AA7DC571219FF9D24DD89928 /* Frameworks */,
			);
			sourceTree = "<group>";
		};
		6FBE2FA7207C7D7C00BEAD8F /* Products */ = {
			isa = PBXGroup;
			children = (
				6FBE2FA6207C7D7C00BEAD8F /* iOSTeamProject-MySmallTrip.app */,
			);
			name = Products;
			sourceTree = "<group>";
		};
		6FBE2FA8207C7D7C00BEAD8F /* iOSTeamProject-MySmallTrip */ = {
			isa = PBXGroup;
			children = (
				6FBE2FA9207C7D7C00BEAD8F /* AppDelegate.swift */,
				6FBE2FAB207C7D7C00BEAD8F /* ViewController.swift */,
				CAEA9F65207CB8ED00032251 /* LogInViewController.swift */,
				CAEA9F67207CB90400032251 /* ProfileViewController.swift */,
				CAC3F43B2084356400AF3DCD /* ContactChangeViewController.swift */,
				CACA9069208085DA00E3D1DD /* UserData.swift */,
				CADA81AC2083BDB70072417F /* LogInResponse.swift */,
				6FBE2FAD207C7D7C00BEAD8F /* Main.storyboard */,
				6FBE2FBB207C7DBB00BEAD8F /* SignUp.storyboard */,
				7A9DD105207DD2B9008166A0 /* SignUpViewController.swift */,
				7A819F42207EED7000CC92E0 /* SignUpUserInfo.swift */,
				7A2E9A2D2084312300F41031 /* CalendarViewController.swift */,
				6FBE2FBD207C7DC200BEAD8F /* Login.storyboard */,
				6FBE2FBF207C7DD800BEAD8F /* Root.storyboard */,
				6FBE2FC9207C8EC100BEAD8F /* RootViewController.swift */,
				6FBE3009207E525700BEAD8F /* TravleDataModel.swift */,
				6FBE2FC3207C8D7E00BEAD8F /* Extension.swift */,
				6F6E369320860E2200657F41 /* testVC.swift */,
				6FBE2FD3207C9CF100BEAD8F /* TabBar */,
				6FBE2FD4207C9CFC00BEAD8F /* Navi */,
				6FBE2FB0207C7D7D00BEAD8F /* Assets.xcassets */,
				6FBE2FB2207C7D7D00BEAD8F /* LaunchScreen.storyboard */,
				6FBE2FB5207C7D7D00BEAD8F /* Info.plist */,
			);
			path = "iOSTeamProject-MySmallTrip";
			sourceTree = "<group>";
		};
		6FBE2FD3207C9CF100BEAD8F /* TabBar */ = {
			isa = PBXGroup;
			children = (
				6FBE2FCB207C9C4200BEAD8F /* MainTabBarController.swift */,
				6FBE2FCD207C9C4500BEAD8F /* CustomTabbarButton.swift */,
			);
			path = TabBar;
			sourceTree = "<group>";
		};
		6FBE2FD4207C9CFC00BEAD8F /* Navi */ = {
			isa = PBXGroup;
			children = (
				6FBE2FCF207C9C4D00BEAD8F /* MainNavigationController.swift */,
				6F775ECC2085AC13006437FC /* popular city */,
				6F775ECD2085AC25006437FC /* travel list */,
				6F775ECE2085AC34006437FC /* travel detail cell */,
				6F775EC62083DD85006437FC /* ProductDetailTableViewController.swift */,
				6F775ED12085D9DA006437FC /* ReservationViewController.swift */,
				6F6E369520864E3400657F41 /* ReservationDatePickViewController.swift */,
			);
			path = Navi;
			sourceTree = "<group>";
		};
		9096C821918095916E6923B0 /* Pods */ = {
			isa = PBXGroup;
			children = (
				C875B768B2CD4E47456F0E3C /* Pods-iOSTeamProject-MySmallTrip.debug.xcconfig */,
				FB15E6F548A37DBC1A163DAB /* Pods-iOSTeamProject-MySmallTrip.release.xcconfig */,
			);
			name = Pods;
			sourceTree = "<group>";
		};
		AA7DC571219FF9D24DD89928 /* Frameworks */ = {
			isa = PBXGroup;
			children = (
				D362EB2D181F81563CAEDAF5 /* Pods_iOSTeamProject_MySmallTrip.framework */,
			);
			name = Frameworks;
			sourceTree = "<group>";
		};
/* End PBXGroup section */

/* Begin PBXNativeTarget section */
		6FBE2FA5207C7D7C00BEAD8F /* iOSTeamProject-MySmallTrip */ = {
			isa = PBXNativeTarget;
			buildConfigurationList = 6FBE2FB8207C7D7D00BEAD8F /* Build configuration list for PBXNativeTarget "iOSTeamProject-MySmallTrip" */;
			buildPhases = (
				E6D28808433E3A5107FA37B1 /* [CP] Check Pods Manifest.lock */,
				6FBE2FA2207C7D7C00BEAD8F /* Sources */,
				6FBE2FA3207C7D7C00BEAD8F /* Frameworks */,
				6FBE2FA4207C7D7C00BEAD8F /* Resources */,
				7213E4D1465B5E677363883B /* [CP] Embed Pods Frameworks */,
			);
			buildRules = (
			);
			dependencies = (
			);
			name = "iOSTeamProject-MySmallTrip";
			productName = "iOSTeamProject-MySmallTrip";
			productReference = 6FBE2FA6207C7D7C00BEAD8F /* iOSTeamProject-MySmallTrip.app */;
			productType = "com.apple.product-type.application";
		};
/* End PBXNativeTarget section */

/* Begin PBXProject section */
		6FBE2F9E207C7D7C00BEAD8F /* Project object */ = {
			isa = PBXProject;
			attributes = {
				LastSwiftUpdateCheck = 0930;
				LastUpgradeCheck = 0930;
				ORGANIZATIONNAME = ohteam;
				TargetAttributes = {
					6FBE2FA5207C7D7C00BEAD8F = {
						CreatedOnToolsVersion = 9.3;
					};
				};
			};
			buildConfigurationList = 6FBE2FA1207C7D7C00BEAD8F /* Build configuration list for PBXProject "iOSTeamProject-MySmallTrip" */;
			compatibilityVersion = "Xcode 9.3";
			developmentRegion = en;
			hasScannedForEncodings = 0;
			knownRegions = (
				en,
				Base,
			);
			mainGroup = 6FBE2F9D207C7D7C00BEAD8F;
			productRefGroup = 6FBE2FA7207C7D7C00BEAD8F /* Products */;
			projectDirPath = "";
			projectRoot = "";
			targets = (
				6FBE2FA5207C7D7C00BEAD8F /* iOSTeamProject-MySmallTrip */,
			);
		};
/* End PBXProject section */

/* Begin PBXResourcesBuildPhase section */
		6FBE2FA4207C7D7C00BEAD8F /* Resources */ = {
			isa = PBXResourcesBuildPhase;
			buildActionMask = 2147483647;
			files = (
				6F970DD1207FAB2700827A10 /* travelCell.xib in Resources */,
				6FBE2FC0207C7DD800BEAD8F /* Root.storyboard in Resources */,
				6FBE2FB4207C7D7D00BEAD8F /* LaunchScreen.storyboard in Resources */,
				6FBE2FB1207C7D7D00BEAD8F /* Assets.xcassets in Resources */,
				6FBE2FBC207C7DBB00BEAD8F /* SignUp.storyboard in Resources */,
				6FBE2FBE207C7DC200BEAD8F /* Login.storyboard in Resources */,
				6FBE2FAF207C7D7C00BEAD8F /* Main.storyboard in Resources */,
			);
			runOnlyForDeploymentPostprocessing = 0;
		};
/* End PBXResourcesBuildPhase section */

/* Begin PBXShellScriptBuildPhase section */
		7213E4D1465B5E677363883B /* [CP] Embed Pods Frameworks */ = {
			isa = PBXShellScriptBuildPhase;
			buildActionMask = 2147483647;
			files = (
			);
			inputPaths = (
				"${SRCROOT}/Pods/Target Support Files/Pods-iOSTeamProject-MySmallTrip/Pods-iOSTeamProject-MySmallTrip-frameworks.sh",
				"${BUILT_PRODUCTS_DIR}/Alamofire/Alamofire.framework",
				"${BUILT_PRODUCTS_DIR}/Bolts/Bolts.framework",
				"${BUILT_PRODUCTS_DIR}/FBSDKCoreKit/FBSDKCoreKit.framework",
				"${BUILT_PRODUCTS_DIR}/FBSDKLoginKit/FBSDKLoginKit.framework",
			);
			name = "[CP] Embed Pods Frameworks";
			outputPaths = (
				"${TARGET_BUILD_DIR}/${FRAMEWORKS_FOLDER_PATH}/Alamofire.framework",
				"${TARGET_BUILD_DIR}/${FRAMEWORKS_FOLDER_PATH}/Bolts.framework",
				"${TARGET_BUILD_DIR}/${FRAMEWORKS_FOLDER_PATH}/FBSDKCoreKit.framework",
				"${TARGET_BUILD_DIR}/${FRAMEWORKS_FOLDER_PATH}/FBSDKLoginKit.framework",
			);
			runOnlyForDeploymentPostprocessing = 0;
			shellPath = /bin/sh;
			shellScript = "\"${SRCROOT}/Pods/Target Support Files/Pods-iOSTeamProject-MySmallTrip/Pods-iOSTeamProject-MySmallTrip-frameworks.sh\"\n";
			showEnvVarsInLog = 0;
		};
		E6D28808433E3A5107FA37B1 /* [CP] Check Pods Manifest.lock */ = {
			isa = PBXShellScriptBuildPhase;
			buildActionMask = 2147483647;
			files = (
			);
			inputPaths = (
				"${PODS_PODFILE_DIR_PATH}/Podfile.lock",
				"${PODS_ROOT}/Manifest.lock",
			);
			name = "[CP] Check Pods Manifest.lock";
			outputPaths = (
				"$(DERIVED_FILE_DIR)/Pods-iOSTeamProject-MySmallTrip-checkManifestLockResult.txt",
			);
			runOnlyForDeploymentPostprocessing = 0;
			shellPath = /bin/sh;
			shellScript = "diff \"${PODS_PODFILE_DIR_PATH}/Podfile.lock\" \"${PODS_ROOT}/Manifest.lock\" > /dev/null\nif [ $? != 0 ] ; then\n    # print error to STDERR\n    echo \"error: The sandbox is not in sync with the Podfile.lock. Run 'pod install' or update your CocoaPods installation.\" >&2\n    exit 1\nfi\n# This output is used by Xcode 'outputs' to avoid re-running this script phase.\necho \"SUCCESS\" > \"${SCRIPT_OUTPUT_FILE_0}\"\n";
			showEnvVarsInLog = 0;
		};
/* End PBXShellScriptBuildPhase section */

/* Begin PBXSourcesBuildPhase section */
		6FBE2FA2207C7D7C00BEAD8F /* Sources */ = {
			isa = PBXSourcesBuildPhase;
			buildActionMask = 2147483647;
			files = (
				6FBE2FCE207C9C4500BEAD8F /* CustomTabbarButton.swift in Sources */,
				6F970DD0207FAB2600827A10 /* ProductListTableViewCell.swift in Sources */,
				6F775EC920846252006437FC /* TravelDetailInfoCell.swift in Sources */,
				6FBE300C207E564300BEAD8F /* PopularCityTableViewCell.swift in Sources */,
				6FBE300A207E525700BEAD8F /* TravleDataModel.swift in Sources */,
				6FBE2FC4207C8D7E00BEAD8F /* Extension.swift in Sources */,
				7A2E9A2E2084312300F41031 /* CalendarViewController.swift in Sources */,
				7A819F43207EED7000CC92E0 /* SignUpUserInfo.swift in Sources */,
				7A9DD106207DD2B9008166A0 /* SignUpViewController.swift in Sources */,
				CAC3F43C2084356400AF3DCD /* ContactChangeViewController.swift in Sources */,
				CADA81AD2083BDB70072417F /* LogInResponse.swift in Sources */,
				6FBE2FAC207C7D7C00BEAD8F /* ViewController.swift in Sources */,
				6FBE2FCC207C9C4200BEAD8F /* MainTabBarController.swift in Sources */,
				6F6E369420860E2200657F41 /* testVC.swift in Sources */,
				6FBE2FD0207C9C4D00BEAD8F /* MainNavigationController.swift in Sources */,
				6FBE2FCA207C8EC100BEAD8F /* RootViewController.swift in Sources */,
				6FBE2FAA207C7D7C00BEAD8F /* AppDelegate.swift in Sources */,
				6F6E369620864E3400657F41 /* ReservationDatePickViewController.swift in Sources */,
				6F775ED22085D9DA006437FC /* ReservationViewController.swift in Sources */,
				6F775ECB2084627B006437FC /* TravelDescriptionCell.swift in Sources */,
				6F970DCB207F9CDD00827A10 /* ProductListViewController.swift in Sources */,
				6FBE2FD2207C9C5000BEAD8F /* MainViewController.swift in Sources */,
				CAEA9F68207CB90400032251 /* ProfileViewController.swift in Sources */,
				CACA906A208085DA00E3D1DD /* UserData.swift in Sources */,
				CAEA9F66207CB8ED00032251 /* LogInViewController.swift in Sources */,
				6F775EC72083DD85006437FC /* ProductDetailTableViewController.swift in Sources */,
			);
			runOnlyForDeploymentPostprocessing = 0;
		};
/* End PBXSourcesBuildPhase section */

/* Begin PBXVariantGroup section */
		6FBE2FAD207C7D7C00BEAD8F /* Main.storyboard */ = {
			isa = PBXVariantGroup;
			children = (
				6FBE2FAE207C7D7C00BEAD8F /* Base */,
			);
			name = Main.storyboard;
			sourceTree = "<group>";
		};
		6FBE2FB2207C7D7D00BEAD8F /* LaunchScreen.storyboard */ = {
			isa = PBXVariantGroup;
			children = (
				6FBE2FB3207C7D7D00BEAD8F /* Base */,
			);
			name = LaunchScreen.storyboard;
			sourceTree = "<group>";
		};
/* End PBXVariantGroup section */

/* Begin XCBuildConfiguration section */
		6FBE2FB6207C7D7D00BEAD8F /* Debug */ = {
			isa = XCBuildConfiguration;
			buildSettings = {
				ALWAYS_SEARCH_USER_PATHS = NO;
				CLANG_ANALYZER_NONNULL = YES;
				CLANG_ANALYZER_NUMBER_OBJECT_CONVERSION = YES_AGGRESSIVE;
				CLANG_CXX_LANGUAGE_STANDARD = "gnu++14";
				CLANG_CXX_LIBRARY = "libc++";
				CLANG_ENABLE_MODULES = YES;
				CLANG_ENABLE_OBJC_ARC = YES;
				CLANG_ENABLE_OBJC_WEAK = YES;
				CLANG_WARN_BLOCK_CAPTURE_AUTORELEASING = YES;
				CLANG_WARN_BOOL_CONVERSION = YES;
				CLANG_WARN_COMMA = YES;
				CLANG_WARN_CONSTANT_CONVERSION = YES;
				CLANG_WARN_DEPRECATED_OBJC_IMPLEMENTATIONS = YES;
				CLANG_WARN_DIRECT_OBJC_ISA_USAGE = YES_ERROR;
				CLANG_WARN_DOCUMENTATION_COMMENTS = YES;
				CLANG_WARN_EMPTY_BODY = YES;
				CLANG_WARN_ENUM_CONVERSION = YES;
				CLANG_WARN_INFINITE_RECURSION = YES;
				CLANG_WARN_INT_CONVERSION = YES;
				CLANG_WARN_NON_LITERAL_NULL_CONVERSION = YES;
				CLANG_WARN_OBJC_IMPLICIT_RETAIN_SELF = YES;
				CLANG_WARN_OBJC_LITERAL_CONVERSION = YES;
				CLANG_WARN_OBJC_ROOT_CLASS = YES_ERROR;
				CLANG_WARN_RANGE_LOOP_ANALYSIS = YES;
				CLANG_WARN_STRICT_PROTOTYPES = YES;
				CLANG_WARN_SUSPICIOUS_MOVE = YES;
				CLANG_WARN_UNGUARDED_AVAILABILITY = YES_AGGRESSIVE;
				CLANG_WARN_UNREACHABLE_CODE = YES;
				CLANG_WARN__DUPLICATE_METHOD_MATCH = YES;
				CODE_SIGN_IDENTITY = "iPhone Developer";
				COPY_PHASE_STRIP = NO;
				DEBUG_INFORMATION_FORMAT = dwarf;
				ENABLE_STRICT_OBJC_MSGSEND = YES;
				ENABLE_TESTABILITY = YES;
				GCC_C_LANGUAGE_STANDARD = gnu11;
				GCC_DYNAMIC_NO_PIC = NO;
				GCC_NO_COMMON_BLOCKS = YES;
				GCC_OPTIMIZATION_LEVEL = 0;
				GCC_PREPROCESSOR_DEFINITIONS = (
					"DEBUG=1",
					"$(inherited)",
				);
				GCC_WARN_64_TO_32_BIT_CONVERSION = YES;
				GCC_WARN_ABOUT_RETURN_TYPE = YES_ERROR;
				GCC_WARN_UNDECLARED_SELECTOR = YES;
				GCC_WARN_UNINITIALIZED_AUTOS = YES_AGGRESSIVE;
				GCC_WARN_UNUSED_FUNCTION = YES;
				GCC_WARN_UNUSED_VARIABLE = YES;
				IPHONEOS_DEPLOYMENT_TARGET = 11.3;
				MTL_ENABLE_DEBUG_INFO = YES;
				ONLY_ACTIVE_ARCH = YES;
				SDKROOT = iphoneos;
				SWIFT_ACTIVE_COMPILATION_CONDITIONS = DEBUG;
				SWIFT_OPTIMIZATION_LEVEL = "-Onone";
			};
			name = Debug;
		};
		6FBE2FB7207C7D7D00BEAD8F /* Release */ = {
			isa = XCBuildConfiguration;
			buildSettings = {
				ALWAYS_SEARCH_USER_PATHS = NO;
				CLANG_ANALYZER_NONNULL = YES;
				CLANG_ANALYZER_NUMBER_OBJECT_CONVERSION = YES_AGGRESSIVE;
				CLANG_CXX_LANGUAGE_STANDARD = "gnu++14";
				CLANG_CXX_LIBRARY = "libc++";
				CLANG_ENABLE_MODULES = YES;
				CLANG_ENABLE_OBJC_ARC = YES;
				CLANG_ENABLE_OBJC_WEAK = YES;
				CLANG_WARN_BLOCK_CAPTURE_AUTORELEASING = YES;
				CLANG_WARN_BOOL_CONVERSION = YES;
				CLANG_WARN_COMMA = YES;
				CLANG_WARN_CONSTANT_CONVERSION = YES;
				CLANG_WARN_DEPRECATED_OBJC_IMPLEMENTATIONS = YES;
				CLANG_WARN_DIRECT_OBJC_ISA_USAGE = YES_ERROR;
				CLANG_WARN_DOCUMENTATION_COMMENTS = YES;
				CLANG_WARN_EMPTY_BODY = YES;
				CLANG_WARN_ENUM_CONVERSION = YES;
				CLANG_WARN_INFINITE_RECURSION = YES;
				CLANG_WARN_INT_CONVERSION = YES;
				CLANG_WARN_NON_LITERAL_NULL_CONVERSION = YES;
				CLANG_WARN_OBJC_IMPLICIT_RETAIN_SELF = YES;
				CLANG_WARN_OBJC_LITERAL_CONVERSION = YES;
				CLANG_WARN_OBJC_ROOT_CLASS = YES_ERROR;
				CLANG_WARN_RANGE_LOOP_ANALYSIS = YES;
				CLANG_WARN_STRICT_PROTOTYPES = YES;
				CLANG_WARN_SUSPICIOUS_MOVE = YES;
				CLANG_WARN_UNGUARDED_AVAILABILITY = YES_AGGRESSIVE;
				CLANG_WARN_UNREACHABLE_CODE = YES;
				CLANG_WARN__DUPLICATE_METHOD_MATCH = YES;
				CODE_SIGN_IDENTITY = "iPhone Developer";
				COPY_PHASE_STRIP = NO;
				DEBUG_INFORMATION_FORMAT = "dwarf-with-dsym";
				ENABLE_NS_ASSERTIONS = NO;
				ENABLE_STRICT_OBJC_MSGSEND = YES;
				GCC_C_LANGUAGE_STANDARD = gnu11;
				GCC_NO_COMMON_BLOCKS = YES;
				GCC_WARN_64_TO_32_BIT_CONVERSION = YES;
				GCC_WARN_ABOUT_RETURN_TYPE = YES_ERROR;
				GCC_WARN_UNDECLARED_SELECTOR = YES;
				GCC_WARN_UNINITIALIZED_AUTOS = YES_AGGRESSIVE;
				GCC_WARN_UNUSED_FUNCTION = YES;
				GCC_WARN_UNUSED_VARIABLE = YES;
				IPHONEOS_DEPLOYMENT_TARGET = 11.3;
				MTL_ENABLE_DEBUG_INFO = NO;
				SDKROOT = iphoneos;
				SWIFT_COMPILATION_MODE = wholemodule;
				SWIFT_OPTIMIZATION_LEVEL = "-O";
				VALIDATE_PRODUCT = YES;
			};
			name = Release;
		};
		6FBE2FB9207C7D7D00BEAD8F /* Debug */ = {
			isa = XCBuildConfiguration;
			baseConfigurationReference = C875B768B2CD4E47456F0E3C /* Pods-iOSTeamProject-MySmallTrip.debug.xcconfig */;
			buildSettings = {
				ASSETCATALOG_COMPILER_APPICON_NAME = AppIcon;
				CODE_SIGN_STYLE = Automatic;
				DEVELOPMENT_TEAM = G4MM77V7NH;
				INFOPLIST_FILE = "iOSTeamProject-MySmallTrip/Info.plist";
				LD_RUNPATH_SEARCH_PATHS = (
					"$(inherited)",
					"@executable_path/Frameworks",
				);
				PRODUCT_BUNDLE_IDENTIFIER = "com.ohteam.iOSTeamProject-MySmallTrip";
				PRODUCT_NAME = "$(TARGET_NAME)";
				SWIFT_VERSION = 4.0;
				TARGETED_DEVICE_FAMILY = "1,2";
			};
			name = Debug;
		};
		6FBE2FBA207C7D7D00BEAD8F /* Release */ = {
			isa = XCBuildConfiguration;
			baseConfigurationReference = FB15E6F548A37DBC1A163DAB /* Pods-iOSTeamProject-MySmallTrip.release.xcconfig */;
			buildSettings = {
				ASSETCATALOG_COMPILER_APPICON_NAME = AppIcon;
				CODE_SIGN_STYLE = Automatic;
				DEVELOPMENT_TEAM = G4MM77V7NH;
				INFOPLIST_FILE = "iOSTeamProject-MySmallTrip/Info.plist";
				LD_RUNPATH_SEARCH_PATHS = (
					"$(inherited)",
					"@executable_path/Frameworks",
				);
				PRODUCT_BUNDLE_IDENTIFIER = "com.ohteam.iOSTeamProject-MySmallTrip";
				PRODUCT_NAME = "$(TARGET_NAME)";
				SWIFT_VERSION = 4.0;
				TARGETED_DEVICE_FAMILY = "1,2";
			};
			name = Release;
		};
/* End XCBuildConfiguration section */

/* Begin XCConfigurationList section */
		6FBE2FA1207C7D7C00BEAD8F /* Build configuration list for PBXProject "iOSTeamProject-MySmallTrip" */ = {
			isa = XCConfigurationList;
			buildConfigurations = (
				6FBE2FB6207C7D7D00BEAD8F /* Debug */,
				6FBE2FB7207C7D7D00BEAD8F /* Release */,
			);
			defaultConfigurationIsVisible = 0;
			defaultConfigurationName = Release;
		};
		6FBE2FB8207C7D7D00BEAD8F /* Build configuration list for PBXNativeTarget "iOSTeamProject-MySmallTrip" */ = {
			isa = XCConfigurationList;
			buildConfigurations = (
				6FBE2FB9207C7D7D00BEAD8F /* Debug */,
				6FBE2FBA207C7D7D00BEAD8F /* Release */,
			);
			defaultConfigurationIsVisible = 0;
			defaultConfigurationName = Release;
		};
/* End XCConfigurationList section */
	};
	rootObject = 6FBE2F9E207C7D7C00BEAD8F /* Project object */;
}
