// !$*UTF8*$!
{
	archiveVersion = 1;
	classes = {
	};
	objectVersion = 50;
	objects = {

/* Begin PBXBuildFile section */
		7A4786B12072269D007ECD72 /* AppDelegate.swift in Sources */ = {isa = PBXBuildFile; fileRef = 7A4786B02072269D007ECD72 /* AppDelegate.swift */; };
		7A4786B32072269D007ECD72 /* ViewController.swift in Sources */ = {isa = PBXBuildFile; fileRef = 7A4786B22072269D007ECD72 /* ViewController.swift */; };
		7A4786B62072269E007ECD72 /* Main.storyboard in Resources */ = {isa = PBXBuildFile; fileRef = 7A4786B42072269E007ECD72 /* Main.storyboard */; };
		7A4786B82072269F007ECD72 /* Assets.xcassets in Resources */ = {isa = PBXBuildFile; fileRef = 7A4786B72072269F007ECD72 /* Assets.xcassets */; };
		7A4786BB2072269F007ECD72 /* LaunchScreen.storyboard in Resources */ = {isa = PBXBuildFile; fileRef = 7A4786B92072269F007ECD72 /* LaunchScreen.storyboard */; };
		7D196B9B6A7F2C8767C4303D /* Pods_MySmallTrip.framework in Frameworks */ = {isa = PBXBuildFile; fileRef = 645A9386816F728B7A6C59C4 /* Pods_MySmallTrip.framework */; };
		CA3ADC4C20771A30002F0A54 /* ProfileViewController.swift in Sources */ = {isa = PBXBuildFile; fileRef = CA3ADC4B20771A30002F0A54 /* ProfileViewController.swift */; };
		CAD420DB20775F6500A786F2 /* LayoutTest.storyboard in Resources */ = {isa = PBXBuildFile; fileRef = CAD420DA20775F6500A786F2 /* LayoutTest.storyboard */; };
		CADEA7D62073506600C53CF0 /* LogIn.storyboard in Resources */ = {isa = PBXBuildFile; fileRef = CADEA7D52073506600C53CF0 /* LogIn.storyboard */; };
		CAE63B6F2073C78900AD8EAB /* LogInViewController.swift in Sources */ = {isa = PBXBuildFile; fileRef = CAE63B6E2073C78900AD8EAB /* LogInViewController.swift */; };
/* End PBXBuildFile section */

/* Begin PBXFileReference section */
		161BE9DF31468C749D75D355 /* Pods-MySmallTrip.debug.xcconfig */ = {isa = PBXFileReference; includeInIndex = 1; lastKnownFileType = text.xcconfig; name = "Pods-MySmallTrip.debug.xcconfig"; path = "Pods/Target Support Files/Pods-MySmallTrip/Pods-MySmallTrip.debug.xcconfig"; sourceTree = "<group>"; };
		2F83BF85C1FFBEDEC1251E2A /* Pods-MySmallTrip.release.xcconfig */ = {isa = PBXFileReference; includeInIndex = 1; lastKnownFileType = text.xcconfig; name = "Pods-MySmallTrip.release.xcconfig"; path = "Pods/Target Support Files/Pods-MySmallTrip/Pods-MySmallTrip.release.xcconfig"; sourceTree = "<group>"; };
		645A9386816F728B7A6C59C4 /* Pods_MySmallTrip.framework */ = {isa = PBXFileReference; explicitFileType = wrapper.framework; includeInIndex = 0; path = Pods_MySmallTrip.framework; sourceTree = BUILT_PRODUCTS_DIR; };
		7A4786AD2072269D007ECD72 /* MySmallTrip.app */ = {isa = PBXFileReference; explicitFileType = wrapper.application; includeInIndex = 0; path = MySmallTrip.app; sourceTree = BUILT_PRODUCTS_DIR; };
		7A4786B02072269D007ECD72 /* AppDelegate.swift */ = {isa = PBXFileReference; lastKnownFileType = sourcecode.swift; path = AppDelegate.swift; sourceTree = "<group>"; };
		7A4786B22072269D007ECD72 /* ViewController.swift */ = {isa = PBXFileReference; lastKnownFileType = sourcecode.swift; path = ViewController.swift; sourceTree = "<group>"; };
		7A4786B52072269E007ECD72 /* Base */ = {isa = PBXFileReference; lastKnownFileType = file.storyboard; name = Base; path = Base.lproj/Main.storyboard; sourceTree = "<group>"; };
		7A4786B72072269F007ECD72 /* Assets.xcassets */ = {isa = PBXFileReference; lastKnownFileType = folder.assetcatalog; path = Assets.xcassets; sourceTree = "<group>"; };
		7A4786BA2072269F007ECD72 /* Base */ = {isa = PBXFileReference; lastKnownFileType = file.storyboard; name = Base; path = Base.lproj/LaunchScreen.storyboard; sourceTree = "<group>"; };
		7A4786BC2072269F007ECD72 /* Info.plist */ = {isa = PBXFileReference; lastKnownFileType = text.plist.xml; path = Info.plist; sourceTree = "<group>"; };
		CA3ADC4B20771A30002F0A54 /* ProfileViewController.swift */ = {isa = PBXFileReference; lastKnownFileType = sourcecode.swift; path = ProfileViewController.swift; sourceTree = "<group>"; };
		CAD420DA20775F6500A786F2 /* LayoutTest.storyboard */ = {isa = PBXFileReference; lastKnownFileType = file.storyboard; path = LayoutTest.storyboard; sourceTree = "<group>"; };
		CADEA7D52073506600C53CF0 /* LogIn.storyboard */ = {isa = PBXFileReference; lastKnownFileType = file.storyboard; path = LogIn.storyboard; sourceTree = "<group>"; };
		CAE63B6E2073C78900AD8EAB /* LogInViewController.swift */ = {isa = PBXFileReference; lastKnownFileType = sourcecode.swift; path = LogInViewController.swift; sourceTree = "<group>"; };
/* End PBXFileReference section */

/* Begin PBXFrameworksBuildPhase section */
		7A4786AA2072269D007ECD72 /* Frameworks */ = {
			isa = PBXFrameworksBuildPhase;
			buildActionMask = 2147483647;
			files = (
				7D196B9B6A7F2C8767C4303D /* Pods_MySmallTrip.framework in Frameworks */,
			);
			runOnlyForDeploymentPostprocessing = 0;
		};
/* End PBXFrameworksBuildPhase section */

/* Begin PBXGroup section */
		4FC3A56ACF5D05D9A445AE88 /* Pods */ = {
			isa = PBXGroup;
			children = (
				161BE9DF31468C749D75D355 /* Pods-MySmallTrip.debug.xcconfig */,
				2F83BF85C1FFBEDEC1251E2A /* Pods-MySmallTrip.release.xcconfig */,
			);
			name = Pods;
			sourceTree = "<group>";
		};
		73598E328ED5A4FFD3DA87AB /* Frameworks */ = {
			isa = PBXGroup;
			children = (
				645A9386816F728B7A6C59C4 /* Pods_MySmallTrip.framework */,
			);
			name = Frameworks;
			sourceTree = "<group>";
		};
		7A4786A42072269D007ECD72 = {
			isa = PBXGroup;
			children = (
				7A4786AF2072269D007ECD72 /* MySmallTrip */,
				7A4786AE2072269D007ECD72 /* Products */,
				4FC3A56ACF5D05D9A445AE88 /* Pods */,
				73598E328ED5A4FFD3DA87AB /* Frameworks */,
			);
			sourceTree = "<group>";
		};
		7A4786AE2072269D007ECD72 /* Products */ = {
			isa = PBXGroup;
			children = (
				7A4786AD2072269D007ECD72 /* MySmallTrip.app */,
			);
			name = Products;
			sourceTree = "<group>";
		};
		7A4786AF2072269D007ECD72 /* MySmallTrip */ = {
			isa = PBXGroup;
			children = (
				7A4786B02072269D007ECD72 /* AppDelegate.swift */,
				7A4786B22072269D007ECD72 /* ViewController.swift */,
				CAE63B6E2073C78900AD8EAB /* LogInViewController.swift */,
				CA3ADC4B20771A30002F0A54 /* ProfileViewController.swift */,
				7A4786B42072269E007ECD72 /* Main.storyboard */,
				CADEA7D52073506600C53CF0 /* LogIn.storyboard */,
				CAD420DA20775F6500A786F2 /* LayoutTest.storyboard */,
				7A4786B72072269F007ECD72 /* Assets.xcassets */,
				7A4786B92072269F007ECD72 /* LaunchScreen.storyboard */,
				7A4786BC2072269F007ECD72 /* Info.plist */,
			);
			path = MySmallTrip;
			sourceTree = "<group>";
		};
/* End PBXGroup section */

/* Begin PBXNativeTarget section */
		7A4786AC2072269D007ECD72 /* MySmallTrip */ = {
			isa = PBXNativeTarget;
			buildConfigurationList = 7A4786BF2072269F007ECD72 /* Build configuration list for PBXNativeTarget "MySmallTrip" */;
			buildPhases = (
				AC629E1A78D735D158EB8217 /* [CP] Check Pods Manifest.lock */,
				7A4786A92072269D007ECD72 /* Sources */,
				7A4786AA2072269D007ECD72 /* Frameworks */,
				7A4786AB2072269D007ECD72 /* Resources */,
				19CA72921664630525B223B2 /* [CP] Embed Pods Frameworks */,
				531EC2CFAB657F790C147309 /* [CP] Copy Pods Resources */,
			);
			buildRules = (
			);
			dependencies = (
			);
			name = MySmallTrip;
			productName = MySmallTrip;
			productReference = 7A4786AD2072269D007ECD72 /* MySmallTrip.app */;
			productType = "com.apple.product-type.application";
		};
/* End PBXNativeTarget section */

/* Begin PBXProject section */
		7A4786A52072269D007ECD72 /* Project object */ = {
			isa = PBXProject;
			attributes = {
				LastSwiftUpdateCheck = 0930;
				LastUpgradeCheck = 0930;
				ORGANIZATIONNAME = OhTeam;
				TargetAttributes = {
					7A4786AC2072269D007ECD72 = {
						CreatedOnToolsVersion = 9.3;
					};
				};
			};
			buildConfigurationList = 7A4786A82072269D007ECD72 /* Build configuration list for PBXProject "MySmallTrip" */;
			compatibilityVersion = "Xcode 9.3";
			developmentRegion = en;
			hasScannedForEncodings = 0;
			knownRegions = (
				en,
				Base,
			);
			mainGroup = 7A4786A42072269D007ECD72;
			productRefGroup = 7A4786AE2072269D007ECD72 /* Products */;
			projectDirPath = "";
			projectRoot = "";
			targets = (
				7A4786AC2072269D007ECD72 /* MySmallTrip */,
			);
		};
/* End PBXProject section */

/* Begin PBXResourcesBuildPhase section */
		7A4786AB2072269D007ECD72 /* Resources */ = {
			isa = PBXResourcesBuildPhase;
			buildActionMask = 2147483647;
			files = (
				CAD420DB20775F6500A786F2 /* LayoutTest.storyboard in Resources */,
				CADEA7D62073506600C53CF0 /* LogIn.storyboard in Resources */,
				7A4786BB2072269F007ECD72 /* LaunchScreen.storyboard in Resources */,
				7A4786B82072269F007ECD72 /* Assets.xcassets in Resources */,
				7A4786B62072269E007ECD72 /* Main.storyboard in Resources */,
			);
			runOnlyForDeploymentPostprocessing = 0;
		};
/* End PBXResourcesBuildPhase section */

/* Begin PBXShellScriptBuildPhase section */
		19CA72921664630525B223B2 /* [CP] Embed Pods Frameworks */ = {
			isa = PBXShellScriptBuildPhase;
			buildActionMask = 2147483647;
			files = (
			);
			inputPaths = (
				"${SRCROOT}/Pods/Target Support Files/Pods-MySmallTrip/Pods-MySmallTrip-frameworks.sh",
				"${BUILT_PRODUCTS_DIR}/Alamofire/Alamofire.framework",
				"${BUILT_PRODUCTS_DIR}/Bolts/Bolts.framework",
				"${BUILT_PRODUCTS_DIR}/FBSDKCoreKit/FBSDKCoreKit.framework",
				"${BUILT_PRODUCTS_DIR}/FBSDKLoginKit/FBSDKLoginKit.framework",
			);
			name = "[CP] Embed Pods Frameworks";
			outputPaths = (
				"${TARGET_BUILD_DIR}/${FRAMEWORKS_FOLDER_PATH}/Alamofire.framework",
				"${TARGET_BUILD_DIR}/${FRAMEWORKS_FOLDER_PATH}/Bolts.framework",
				"${TARGET_BUILD_DIR}/${FRAMEWORKS_FOLDER_PATH}/FBSDKCoreKit.framework",
				"${TARGET_BUILD_DIR}/${FRAMEWORKS_FOLDER_PATH}/FBSDKLoginKit.framework",
			);
			runOnlyForDeploymentPostprocessing = 0;
			shellPath = /bin/sh;
			shellScript = "\"${SRCROOT}/Pods/Target Support Files/Pods-MySmallTrip/Pods-MySmallTrip-frameworks.sh\"\n";
			showEnvVarsInLog = 0;
		};
		531EC2CFAB657F790C147309 /* [CP] Copy Pods Resources */ = {
			isa = PBXShellScriptBuildPhase;
			buildActionMask = 2147483647;
			files = (
			);
			inputPaths = (
			);
			name = "[CP] Copy Pods Resources";
			outputPaths = (
			);
			runOnlyForDeploymentPostprocessing = 0;
			shellPath = /bin/sh;
			shellScript = "\"${SRCROOT}/Pods/Target Support Files/Pods-MySmallTrip/Pods-MySmallTrip-resources.sh\"\n";
			showEnvVarsInLog = 0;
		};
		AC629E1A78D735D158EB8217 /* [CP] Check Pods Manifest.lock */ = {
			isa = PBXShellScriptBuildPhase;
			buildActionMask = 2147483647;
			files = (
			);
			inputPaths = (
				"${PODS_PODFILE_DIR_PATH}/Podfile.lock",
				"${PODS_ROOT}/Manifest.lock",
			);
			name = "[CP] Check Pods Manifest.lock";
			outputPaths = (
				"$(DERIVED_FILE_DIR)/Pods-MySmallTrip-checkManifestLockResult.txt",
			);
			runOnlyForDeploymentPostprocessing = 0;
			shellPath = /bin/sh;
			shellScript = "diff \"${PODS_PODFILE_DIR_PATH}/Podfile.lock\" \"${PODS_ROOT}/Manifest.lock\" > /dev/null\nif [ $? != 0 ] ; then\n    # print error to STDERR\n    echo \"error: The sandbox is not in sync with the Podfile.lock. Run 'pod install' or update your CocoaPods installation.\" >&2\n    exit 1\nfi\n# This output is used by Xcode 'outputs' to avoid re-running this script phase.\necho \"SUCCESS\" > \"${SCRIPT_OUTPUT_FILE_0}\"\n";
			showEnvVarsInLog = 0;
		};
/* End PBXShellScriptBuildPhase section */

/* Begin PBXSourcesBuildPhase section */
		7A4786A92072269D007ECD72 /* Sources */ = {
			isa = PBXSourcesBuildPhase;
			buildActionMask = 2147483647;
			files = (
				7A4786B32072269D007ECD72 /* ViewController.swift in Sources */,
				7A4786B12072269D007ECD72 /* AppDelegate.swift in Sources */,
				CA3ADC4C20771A30002F0A54 /* ProfileViewController.swift in Sources */,
				CAE63B6F2073C78900AD8EAB /* LogInViewController.swift in Sources */,
			);
			runOnlyForDeploymentPostprocessing = 0;
		};
/* End PBXSourcesBuildPhase section */

/* Begin PBXVariantGroup section */
		7A4786B42072269E007ECD72 /* Main.storyboard */ = {
			isa = PBXVariantGroup;
			children = (
				7A4786B52072269E007ECD72 /* Base */,
			);
			name = Main.storyboard;
			sourceTree = "<group>";
		};
		7A4786B92072269F007ECD72 /* LaunchScreen.storyboard */ = {
			isa = PBXVariantGroup;
			children = (
				7A4786BA2072269F007ECD72 /* Base */,
			);
			name = LaunchScreen.storyboard;
			sourceTree = "<group>";
		};
/* End PBXVariantGroup section */

/* Begin XCBuildConfiguration section */
		7A4786BD2072269F007ECD72 /* Debug */ = {
			isa = XCBuildConfiguration;
			buildSettings = {
				ALWAYS_SEARCH_USER_PATHS = NO;
				CLANG_ANALYZER_NONNULL = YES;
				CLANG_ANALYZER_NUMBER_OBJECT_CONVERSION = YES_AGGRESSIVE;
				CLANG_CXX_LANGUAGE_STANDARD = "gnu++14";
				CLANG_CXX_LIBRARY = "libc++";
				CLANG_ENABLE_MODULES = YES;
				CLANG_ENABLE_OBJC_ARC = YES;
				CLANG_ENABLE_OBJC_WEAK = YES;
				CLANG_WARN_BLOCK_CAPTURE_AUTORELEASING = YES;
				CLANG_WARN_BOOL_CONVERSION = YES;
				CLANG_WARN_COMMA = YES;
				CLANG_WARN_CONSTANT_CONVERSION = YES;
				CLANG_WARN_DEPRECATED_OBJC_IMPLEMENTATIONS = YES;
				CLANG_WARN_DIRECT_OBJC_ISA_USAGE = YES_ERROR;
				CLANG_WARN_DOCUMENTATION_COMMENTS = YES;
				CLANG_WARN_EMPTY_BODY = YES;
				CLANG_WARN_ENUM_CONVERSION = YES;
				CLANG_WARN_INFINITE_RECURSION = YES;
				CLANG_WARN_INT_CONVERSION = YES;
				CLANG_WARN_NON_LITERAL_NULL_CONVERSION = YES;
				CLANG_WARN_OBJC_IMPLICIT_RETAIN_SELF = YES;
				CLANG_WARN_OBJC_LITERAL_CONVERSION = YES;
				CLANG_WARN_OBJC_ROOT_CLASS = YES_ERROR;
				CLANG_WARN_RANGE_LOOP_ANALYSIS = YES;
				CLANG_WARN_STRICT_PROTOTYPES = YES;
				CLANG_WARN_SUSPICIOUS_MOVE = YES;
				CLANG_WARN_UNGUARDED_AVAILABILITY = YES_AGGRESSIVE;
				CLANG_WARN_UNREACHABLE_CODE = YES;
				CLANG_WARN__DUPLICATE_METHOD_MATCH = YES;
				CODE_SIGN_IDENTITY = "iPhone Developer";
				COPY_PHASE_STRIP = NO;
				DEBUG_INFORMATION_FORMAT = dwarf;
				ENABLE_STRICT_OBJC_MSGSEND = YES;
				ENABLE_TESTABILITY = YES;
				GCC_C_LANGUAGE_STANDARD = gnu11;
				GCC_DYNAMIC_NO_PIC = NO;
				GCC_NO_COMMON_BLOCKS = YES;
				GCC_OPTIMIZATION_LEVEL = 0;
				GCC_PREPROCESSOR_DEFINITIONS = (
					"DEBUG=1",
					"$(inherited)",
				);
				GCC_WARN_64_TO_32_BIT_CONVERSION = YES;
				GCC_WARN_ABOUT_RETURN_TYPE = YES_ERROR;
				GCC_WARN_UNDECLARED_SELECTOR = YES;
				GCC_WARN_UNINITIALIZED_AUTOS = YES_AGGRESSIVE;
				GCC_WARN_UNUSED_FUNCTION = YES;
				GCC_WARN_UNUSED_VARIABLE = YES;
				IPHONEOS_DEPLOYMENT_TARGET = 11.3;
				MTL_ENABLE_DEBUG_INFO = YES;
				ONLY_ACTIVE_ARCH = YES;
				SDKROOT = iphoneos;
				SWIFT_ACTIVE_COMPILATION_CONDITIONS = DEBUG;
				SWIFT_OPTIMIZATION_LEVEL = "-Onone";
			};
			name = Debug;
		};
		7A4786BE2072269F007ECD72 /* Release */ = {
			isa = XCBuildConfiguration;
			buildSettings = {
				ALWAYS_SEARCH_USER_PATHS = NO;
				CLANG_ANALYZER_NONNULL = YES;
				CLANG_ANALYZER_NUMBER_OBJECT_CONVERSION = YES_AGGRESSIVE;
				CLANG_CXX_LANGUAGE_STANDARD = "gnu++14";
				CLANG_CXX_LIBRARY = "libc++";
				CLANG_ENABLE_MODULES = YES;
				CLANG_ENABLE_OBJC_ARC = YES;
				CLANG_ENABLE_OBJC_WEAK = YES;
				CLANG_WARN_BLOCK_CAPTURE_AUTORELEASING = YES;
				CLANG_WARN_BOOL_CONVERSION = YES;
				CLANG_WARN_COMMA = YES;
				CLANG_WARN_CONSTANT_CONVERSION = YES;
				CLANG_WARN_DEPRECATED_OBJC_IMPLEMENTATIONS = YES;
				CLANG_WARN_DIRECT_OBJC_ISA_USAGE = YES_ERROR;
				CLANG_WARN_DOCUMENTATION_COMMENTS = YES;
				CLANG_WARN_EMPTY_BODY = YES;
				CLANG_WARN_ENUM_CONVERSION = YES;
				CLANG_WARN_INFINITE_RECURSION = YES;
				CLANG_WARN_INT_CONVERSION = YES;
				CLANG_WARN_NON_LITERAL_NULL_CONVERSION = YES;
				CLANG_WARN_OBJC_IMPLICIT_RETAIN_SELF = YES;
				CLANG_WARN_OBJC_LITERAL_CONVERSION = YES;
				CLANG_WARN_OBJC_ROOT_CLASS = YES_ERROR;
				CLANG_WARN_RANGE_LOOP_ANALYSIS = YES;
				CLANG_WARN_STRICT_PROTOTYPES = YES;
				CLANG_WARN_SUSPICIOUS_MOVE = YES;
				CLANG_WARN_UNGUARDED_AVAILABILITY = YES_AGGRESSIVE;
				CLANG_WARN_UNREACHABLE_CODE = YES;
				CLANG_WARN__DUPLICATE_METHOD_MATCH = YES;
				CODE_SIGN_IDENTITY = "iPhone Developer";
				COPY_PHASE_STRIP = NO;
				DEBUG_INFORMATION_FORMAT = "dwarf-with-dsym";
				ENABLE_NS_ASSERTIONS = NO;
				ENABLE_STRICT_OBJC_MSGSEND = YES;
				GCC_C_LANGUAGE_STANDARD = gnu11;
				GCC_NO_COMMON_BLOCKS = YES;
				GCC_WARN_64_TO_32_BIT_CONVERSION = YES;
				GCC_WARN_ABOUT_RETURN_TYPE = YES_ERROR;
				GCC_WARN_UNDECLARED_SELECTOR = YES;
				GCC_WARN_UNINITIALIZED_AUTOS = YES_AGGRESSIVE;
				GCC_WARN_UNUSED_FUNCTION = YES;
				GCC_WARN_UNUSED_VARIABLE = YES;
				IPHONEOS_DEPLOYMENT_TARGET = 11.3;
				MTL_ENABLE_DEBUG_INFO = NO;
				SDKROOT = iphoneos;
				SWIFT_COMPILATION_MODE = wholemodule;
				SWIFT_OPTIMIZATION_LEVEL = "-O";
				VALIDATE_PRODUCT = YES;
			};
			name = Release;
		};
		7A4786C02072269F007ECD72 /* Debug */ = {
			isa = XCBuildConfiguration;
			baseConfigurationReference = 161BE9DF31468C749D75D355 /* Pods-MySmallTrip.debug.xcconfig */;
			buildSettings = {
				ASSETCATALOG_COMPILER_APPICON_NAME = AppIcon;
				CODE_SIGN_IDENTITY = "iPhone Developer";
				CODE_SIGN_STYLE = Automatic;
				DEVELOPMENT_TEAM = G4MM77V7NH;
				INFOPLIST_FILE = MySmallTrip/Info.plist;
				LD_RUNPATH_SEARCH_PATHS = (
					"$(inherited)",
					"@executable_path/Frameworks",
				);
				PRODUCT_BUNDLE_IDENTIFIER = com.ohteam.MySmallTrip;
				PRODUCT_NAME = "$(TARGET_NAME)";
				PROVISIONING_PROFILE_SPECIFIER = "";
				SWIFT_VERSION = 4.0;
				TARGETED_DEVICE_FAMILY = "1,2";
			};
			name = Debug;
		};
		7A4786C12072269F007ECD72 /* Release */ = {
			isa = XCBuildConfiguration;
			baseConfigurationReference = 2F83BF85C1FFBEDEC1251E2A /* Pods-MySmallTrip.release.xcconfig */;
			buildSettings = {
				ASSETCATALOG_COMPILER_APPICON_NAME = AppIcon;
				CODE_SIGN_IDENTITY = "iPhone Developer";
				CODE_SIGN_STYLE = Automatic;
				DEVELOPMENT_TEAM = G4MM77V7NH;
				INFOPLIST_FILE = MySmallTrip/Info.plist;
				LD_RUNPATH_SEARCH_PATHS = (
					"$(inherited)",
					"@executable_path/Frameworks",
				);
				PRODUCT_BUNDLE_IDENTIFIER = com.ohteam.MySmallTrip;
				PRODUCT_NAME = "$(TARGET_NAME)";
				PROVISIONING_PROFILE_SPECIFIER = "";
				SWIFT_VERSION = 4.0;
				TARGETED_DEVICE_FAMILY = "1,2";
			};
			name = Release;
		};
/* End XCBuildConfiguration section */

/* Begin XCConfigurationList section */
		7A4786A82072269D007ECD72 /* Build configuration list for PBXProject "MySmallTrip" */ = {
			isa = XCConfigurationList;
			buildConfigurations = (
				7A4786BD2072269F007ECD72 /* Debug */,
				7A4786BE2072269F007ECD72 /* Release */,
			);
			defaultConfigurationIsVisible = 0;
			defaultConfigurationName = Release;
		};
		7A4786BF2072269F007ECD72 /* Build configuration list for PBXNativeTarget "MySmallTrip" */ = {
			isa = XCConfigurationList;
			buildConfigurations = (
				7A4786C02072269F007ECD72 /* Debug */,
				7A4786C12072269F007ECD72 /* Release */,
			);
			defaultConfigurationIsVisible = 0;
			defaultConfigurationName = Release;
		};
/* End XCConfigurationList section */
	};
	rootObject = 7A4786A52072269D007ECD72 /* Project object */;
}
